Microsoft Visual Studio Solution File, Format Version 12.00
# Visual Studio Version 17
VisualStudioVersion = 17.5.2.0
MinimumVisualStudioVersion = 10.0.40219.1
Project("{FAE04EC0-301F-11D3-BF4B-00C04F79EFBC}") = "CarRentalApp", "CarRentalApp\CarRentalApp.csproj", "{015B659B-639D-FDCF-0F69-148C052470BF}"
EndProject
Global
	GlobalSection(SolutionConfigurationPlatforms) = preSolution
		Debug|Any CPU = Debug|Any CPU
		Release|Any CPU = Release|Any CPU
	EndGlobalSection
	GlobalSection(ProjectConfigurationPlatforms) = postSolution
		{015B659B-639D-FDCF-0F69-148C052470BF}.Debug|Any CPU.ActiveCfg = Debug|Any CPU
		{015B659B-639D-FDCF-0F69-148C052470BF}.Debug|Any CPU.Build.0 = Debug|Any CPU
		{015B659B-639D-FDCF-0F69-148C052470BF}.Release|Any CPU.ActiveCfg = Release|Any CPU
		{015B659B-639D-FDCF-0F69-148C052470BF}.Release|Any CPU.Build.0 = Release|Any CPU
	EndGlobalSection
	GlobalSection(SolutionProperties) = preSolution
		HideSolutionNode = FALSE
	EndGlobalSection
	GlobalSection(ExtensibilityGlobals) = postSolution
		SolutionGuid = {1110C72C-D8F2-4C5F-ADE3-1DC5F11D04D9}
	EndGlobalSection
EndGlobal
