Microsoft Visual Studio Solution File, Format Version 12.00
# Visual Studio Version 17
VisualStudioVersion = 17.5.2.0
MinimumVisualStudioVersion = 10.0.40219.1
Project("{FAE04EC0-301F-11D3-BF4B-00C04F79EFBC}") = "ZD1", "ZD1\ZD1.csproj", "{CE3C7C37-716E-DCE9-CF78-E02D0BFE5338}"
EndProject
Project("{FAE04EC0-301F-11D3-BF4B-00C04F79EFBC}") = "ZD1+", "ZD1+\ZD1+.csproj", "{7693360B-CFCA-9042-BE2E-4D643C4F580C}"
EndProject
Project("{FAE04EC0-301F-11D3-BF4B-00C04F79EFBC}") = "ZD2", "ZD2\ZD2.csproj", "{3588105E-C5FD-8C80-3BEF-EB76138A576F}"
EndProject
Project("{FAE04EC0-301F-11D3-BF4B-00C04F79EFBC}") = "ZD2+", "ZD2+\ZD2+.csproj", "{67885764-0F8C-A5BA-8935-52DD19181DD2}"
EndProject
Project("{FAE04EC0-301F-11D3-BF4B-00C04F79EFBC}") = "ZD3", "ZD3\ZD3.csproj", "{423C0F18-DA18-87DF-6E1D-30697765BB9C}"
EndProject
Project("{FAE04EC0-301F-11D3-BF4B-00C04F79EFBC}") = "ZD3+", "ZD3+\ZD3+.csproj", "{E5120B5F-0441-F2AE-1662-5A96CCFEF6FE}"
EndProject
Project("{FAE04EC0-301F-11D3-BF4B-00C04F79EFBC}") = "ZD4", "ZD4\ZD4.csproj", "{AC497355-40EE-5799-067C-8908110D2A58}"
EndProject
Project("{FAE04EC0-301F-11D3-BF4B-00C04F79EFBC}") = "ZD5", "ZD5\ZD5.csproj", "{626B42AE-49BA-566C-2AD8-1E3C29ECB261}"
EndProject
Global
	GlobalSection(SolutionConfigurationPlatforms) = preSolution
		Debug|Any CPU = Debug|Any CPU
		Release|Any CPU = Release|Any CPU
	EndGlobalSection
	GlobalSection(ProjectConfigurationPlatforms) = postSolution
		{CE3C7C37-716E-DCE9-CF78-E02D0BFE5338}.Debug|Any CPU.ActiveCfg = Debug|Any CPU
		{CE3C7C37-716E-DCE9-CF78-E02D0BFE5338}.Debug|Any CPU.Build.0 = Debug|Any CPU
		{CE3C7C37-716E-DCE9-CF78-E02D0BFE5338}.Release|Any CPU.ActiveCfg = Release|Any CPU
		{CE3C7C37-716E-DCE9-CF78-E02D0BFE5338}.Release|Any CPU.Build.0 = Release|Any CPU
		{7693360B-CFCA-9042-BE2E-4D643C4F580C}.Debug|Any CPU.ActiveCfg = Debug|Any CPU
		{7693360B-CFCA-9042-BE2E-4D643C4F580C}.Debug|Any CPU.Build.0 = Debug|Any CPU
		{7693360B-CFCA-9042-BE2E-4D643C4F580C}.Release|Any CPU.ActiveCfg = Release|Any CPU
		{7693360B-CFCA-9042-BE2E-4D643C4F580C}.Release|Any CPU.Build.0 = Release|Any CPU
		{3588105E-C5FD-8C80-3BEF-EB76138A576F}.Debug|Any CPU.ActiveCfg = Debug|Any CPU
		{3588105E-C5FD-8C80-3BEF-EB76138A576F}.Debug|Any CPU.Build.0 = Debug|Any CPU
		{3588105E-C5FD-8C80-3BEF-EB76138A576F}.Release|Any CPU.ActiveCfg = Release|Any CPU
		{3588105E-C5FD-8C80-3BEF-EB76138A576F}.Release|Any CPU.Build.0 = Release|Any CPU
		{67885764-0F8C-A5BA-8935-52DD19181DD2}.Debug|Any CPU.ActiveCfg = Debug|Any CPU
		{67885764-0F8C-A5BA-8935-52DD19181DD2}.Debug|Any CPU.Build.0 = Debug|Any CPU
		{67885764-0F8C-A5BA-8935-52DD19181DD2}.Release|Any CPU.ActiveCfg = Release|Any CPU
		{67885764-0F8C-A5BA-8935-52DD19181DD2}.Release|Any CPU.Build.0 = Release|Any CPU
		{423C0F18-DA18-87DF-6E1D-30697765BB9C}.Debug|Any CPU.ActiveCfg = Debug|Any CPU
		{423C0F18-DA18-87DF-6E1D-30697765BB9C}.Debug|Any CPU.Build.0 = Debug|Any CPU
		{423C0F18-DA18-87DF-6E1D-30697765BB9C}.Release|Any CPU.ActiveCfg = Release|Any CPU
		{423C0F18-DA18-87DF-6E1D-30697765BB9C}.Release|Any CPU.Build.0 = Release|Any CPU
		{E5120B5F-0441-F2AE-1662-5A96CCFEF6FE}.Debug|Any CPU.ActiveCfg = Debug|Any CPU
		{E5120B5F-0441-F2AE-1662-5A96CCFEF6FE}.Debug|Any CPU.Build.0 = Debug|Any CPU
		{E5120B5F-0441-F2AE-1662-5A96CCFEF6FE}.Release|Any CPU.ActiveCfg = Release|Any CPU
		{E5120B5F-0441-F2AE-1662-5A96CCFEF6FE}.Release|Any CPU.Build.0 = Release|Any CPU
		{AC497355-40EE-5799-067C-8908110D2A58}.Debug|Any CPU.ActiveCfg = Debug|Any CPU
		{AC497355-40EE-5799-067C-8908110D2A58}.Debug|Any CPU.Build.0 = Debug|Any CPU
		{AC497355-40EE-5799-067C-8908110D2A58}.Release|Any CPU.ActiveCfg = Release|Any CPU
		{AC497355-40EE-5799-067C-8908110D2A58}.Release|Any CPU.Build.0 = Release|Any CPU
		{626B42AE-49BA-566C-2AD8-1E3C29ECB261}.Debug|Any CPU.ActiveCfg = Debug|Any CPU
		{626B42AE-49BA-566C-2AD8-1E3C29ECB261}.Debug|Any CPU.Build.0 = Debug|Any CPU
		{626B42AE-49BA-566C-2AD8-1E3C29ECB261}.Release|Any CPU.ActiveCfg = Release|Any CPU
		{626B42AE-49BA-566C-2AD8-1E3C29ECB261}.Release|Any CPU.Build.0 = Release|Any CPU
	EndGlobalSection
	GlobalSection(SolutionProperties) = preSolution
		HideSolutionNode = FALSE
	EndGlobalSection
	GlobalSection(ExtensibilityGlobals) = postSolution
		SolutionGuid = {D47A8517-8C3F-4BA6-AA0E-1192694341F4}
	EndGlobalSection
EndGlobal
